// !$*UTF8*$!
{
	archiveVersion = 1;
	classes = {
	};
	objectVersion = 55;
	objects = {

/* Begin PBXBuildFile section */
		8C313CD727720275007C8670 /* placesApp.swift in Sources */ = {isa = PBXBuildFile; fileRef = 8C313CD627720275007C8670 /* placesApp.swift */; };
		8C313CD927720275007C8670 /* ContentView.swift in Sources */ = {isa = PBXBuildFile; fileRef = 8C313CD827720275007C8670 /* ContentView.swift */; };
		8C313CDB27720277007C8670 /* Assets.xcassets in Resources */ = {isa = PBXBuildFile; fileRef = 8C313CDA27720277007C8670 /* Assets.xcassets */; };
		8C313CDE27720277007C8670 /* Preview Assets.xcassets in Resources */ = {isa = PBXBuildFile; fileRef = 8C313CDD27720277007C8670 /* Preview Assets.xcassets */; };
		8C313CE827720277007C8670 /* placesTests.swift in Sources */ = {isa = PBXBuildFile; fileRef = 8C313CE727720277007C8670 /* placesTests.swift */; };
		8C313CF227720277007C8670 /* placesUITests.swift in Sources */ = {isa = PBXBuildFile; fileRef = 8C313CF127720277007C8670 /* placesUITests.swift */; };
		8C313CF427720277007C8670 /* placesUITestsLaunchTests.swift in Sources */ = {isa = PBXBuildFile; fileRef = 8C313CF327720277007C8670 /* placesUITestsLaunchTests.swift */; };
		8C313D012772029C007C8670 /* places.json in Resources */ = {isa = PBXBuildFile; fileRef = 8C313D002772029C007C8670 /* places.json */; };
		8CAE43F4278CC0B800A182E0 /* PlacePrivider.swift in Sources */ = {isa = PBXBuildFile; fileRef = 8CAE43F3278CC0B800A182E0 /* PlacePrivider.swift */; };
		8CAE43F6278CC23E00A182E0 /* PlacesView.swift in Sources */ = {isa = PBXBuildFile; fileRef = 8CAE43F5278CC23E00A182E0 /* PlacesView.swift */; };
/* End PBXBuildFile section */

/* Begin PBXContainerItemProxy section */
		8C313CE427720277007C8670 /* PBXContainerItemProxy */ = {
			isa = PBXContainerItemProxy;
			containerPortal = 8C313CCB27720275007C8670 /* Project object */;
			proxyType = 1;
			remoteGlobalIDString = 8C313CD227720275007C8670;
			remoteInfo = places;
		};
		8C313CEE27720277007C8670 /* PBXContainerItemProxy */ = {
			isa = PBXContainerItemProxy;
			containerPortal = 8C313CCB27720275007C8670 /* Project object */;
			proxyType = 1;
			remoteGlobalIDString = 8C313CD227720275007C8670;
			remoteInfo = places;
		};
/* End PBXContainerItemProxy section */

/* Begin PBXFileReference section */
		8C313CD327720275007C8670 /* places.app */ = {isa = PBXFileReference; explicitFileType = wrapper.application; includeInIndex = 0; path = places.app; sourceTree = BUILT_PRODUCTS_DIR; };
		8C313CD627720275007C8670 /* placesApp.swift */ = {isa = PBXFileReference; lastKnownFileType = sourcecode.swift; path = placesApp.swift; sourceTree = "<group>"; };
		8C313CD827720275007C8670 /* ContentView.swift */ = {isa = PBXFileReference; lastKnownFileType = sourcecode.swift; path = ContentView.swift; sourceTree = "<group>"; };
		8C313CDA27720277007C8670 /* Assets.xcassets */ = {isa = PBXFileReference; lastKnownFileType = folder.assetcatalog; path = Assets.xcassets; sourceTree = "<group>"; };
		8C313CDD27720277007C8670 /* Preview Assets.xcassets */ = {isa = PBXFileReference; lastKnownFileType = folder.assetcatalog; path = "Preview Assets.xcassets"; sourceTree = "<group>"; };
		8C313CE327720277007C8670 /* placesTests.xctest */ = {isa = PBXFileReference; explicitFileType = wrapper.cfbundle; includeInIndex = 0; path = placesTests.xctest; sourceTree = BUILT_PRODUCTS_DIR; };
		8C313CE727720277007C8670 /* placesTests.swift */ = {isa = PBXFileReference; lastKnownFileType = sourcecode.swift; path = placesTests.swift; sourceTree = "<group>"; };
		8C313CED27720277007C8670 /* placesUITests.xctest */ = {isa = PBXFileReference; explicitFileType = wrapper.cfbundle; includeInIndex = 0; path = placesUITests.xctest; sourceTree = BUILT_PRODUCTS_DIR; };
		8C313CF127720277007C8670 /* placesUITests.swift */ = {isa = PBXFileReference; lastKnownFileType = sourcecode.swift; path = placesUITests.swift; sourceTree = "<group>"; };
		8C313CF327720277007C8670 /* placesUITestsLaunchTests.swift */ = {isa = PBXFileReference; lastKnownFileType = sourcecode.swift; path = placesUITestsLaunchTests.swift; sourceTree = "<group>"; };
		8C313D002772029C007C8670 /* places.json */ = {isa = PBXFileReference; fileEncoding = 4; lastKnownFileType = text.json; path = places.json; sourceTree = "<group>"; };
		8CAE43F3278CC0B800A182E0 /* PlacePrivider.swift */ = {isa = PBXFileReference; lastKnownFileType = sourcecode.swift; path = PlacePrivider.swift; sourceTree = "<group>"; };
		8CAE43F5278CC23E00A182E0 /* PlacesView.swift */ = {isa = PBXFileReference; lastKnownFileType = sourcecode.swift; path = PlacesView.swift; sourceTree = "<group>"; };
/* End PBXFileReference section */

/* Begin PBXFrameworksBuildPhase section */
		8C313CD027720275007C8670 /* Frameworks */ = {
			isa = PBXFrameworksBuildPhase;
			buildActionMask = 2147483647;
			files = (
			);
			runOnlyForDeploymentPostprocessing = 0;
		};
		8C313CE027720277007C8670 /* Frameworks */ = {
			isa = PBXFrameworksBuildPhase;
			buildActionMask = 2147483647;
			files = (
			);
			runOnlyForDeploymentPostprocessing = 0;
		};
		8C313CEA27720277007C8670 /* Frameworks */ = {
			isa = PBXFrameworksBuildPhase;
			buildActionMask = 2147483647;
			files = (
			);
			runOnlyForDeploymentPostprocessing = 0;
		};
/* End PBXFrameworksBuildPhase section */

/* Begin PBXGroup section */
		8C313CCA27720275007C8670 = {
			isa = PBXGroup;
			children = (
				8C313CD527720275007C8670 /* places */,
				8C313CE627720277007C8670 /* placesTests */,
				8C313CF027720277007C8670 /* placesUITests */,
				8C313CD427720275007C8670 /* Products */,
			);
			sourceTree = "<group>";
		};
		8C313CD427720275007C8670 /* Products */ = {
			isa = PBXGroup;
			children = (
				8C313CD327720275007C8670 /* places.app */,
				8C313CE327720277007C8670 /* placesTests.xctest */,
				8C313CED27720277007C8670 /* placesUITests.xctest */,
			);
			name = Products;
			sourceTree = "<group>";
		};
		8C313CD527720275007C8670 /* places */ = {
			isa = PBXGroup;
			children = (
				8C313CD627720275007C8670 /* placesApp.swift */,
				8C313CD827720275007C8670 /* ContentView.swift */,
				8C313D002772029C007C8670 /* places.json */,
				8C313CDA27720277007C8670 /* Assets.xcassets */,
				8C313CDC27720277007C8670 /* Preview Content */,
				8CAE43F3278CC0B800A182E0 /* PlacePrivider.swift */,
				8CAE43F5278CC23E00A182E0 /* PlacesView.swift */,
			);
			path = places;
			sourceTree = "<group>";
		};
		8C313CDC27720277007C8670 /* Preview Content */ = {
			isa = PBXGroup;
			children = (
				8C313CDD27720277007C8670 /* Preview Assets.xcassets */,
			);
			path = "Preview Content";
			sourceTree = "<group>";
		};
		8C313CE627720277007C8670 /* placesTests */ = {
			isa = PBXGroup;
			children = (
				8C313CE727720277007C8670 /* placesTests.swift */,
			);
			path = placesTests;
			sourceTree = "<group>";
		};
		8C313CF027720277007C8670 /* placesUITests */ = {
			isa = PBXGroup;
			children = (
				8C313CF127720277007C8670 /* placesUITests.swift */,
				8C313CF327720277007C8670 /* placesUITestsLaunchTests.swift */,
			);
			path = placesUITests;
			sourceTree = "<group>";
		};
/* End PBXGroup section */

/* Begin PBXNativeTarget section */
		8C313CD227720275007C8670 /* places */ = {
			isa = PBXNativeTarget;
			buildConfigurationList = 8C313CF727720277007C8670 /* Build configuration list for PBXNativeTarget "places" */;
			buildPhases = (
				8C313CCF27720275007C8670 /* Sources */,
				8C313CD027720275007C8670 /* Frameworks */,
				8C313CD127720275007C8670 /* Resources */,
			);
			buildRules = (
			);
			dependencies = (
			);
			name = places;
			productName = places;
			productReference = 8C313CD327720275007C8670 /* places.app */;
			productType = "com.apple.product-type.application";
		};
		8C313CE227720277007C8670 /* placesTests */ = {
			isa = PBXNativeTarget;
			buildConfigurationList = 8C313CFA27720277007C8670 /* Build configuration list for PBXNativeTarget "placesTests" */;
			buildPhases = (
				8C313CDF27720277007C8670 /* Sources */,
				8C313CE027720277007C8670 /* Frameworks */,
				8C313CE127720277007C8670 /* Resources */,
			);
			buildRules = (
			);
			dependencies = (
				8C313CE527720277007C8670 /* PBXTargetDependency */,
			);
			name = placesTests;
			productName = placesTests;
			productReference = 8C313CE327720277007C8670 /* placesTests.xctest */;
			productType = "com.apple.product-type.bundle.unit-test";
		};
		8C313CEC27720277007C8670 /* placesUITests */ = {
			isa = PBXNativeTarget;
			buildConfigurationList = 8C313CFD27720277007C8670 /* Build configuration list for PBXNativeTarget "placesUITests" */;
			buildPhases = (
				8C313CE927720277007C8670 /* Sources */,
				8C313CEA27720277007C8670 /* Frameworks */,
				8C313CEB27720277007C8670 /* Resources */,
			);
			buildRules = (
			);
			dependencies = (
				8C313CEF27720277007C8670 /* PBXTargetDependency */,
			);
			name = placesUITests;
			productName = placesUITests;
			productReference = 8C313CED27720277007C8670 /* placesUITests.xctest */;
			productType = "com.apple.product-type.bundle.ui-testing";
		};
/* End PBXNativeTarget section */

/* Begin PBXProject section */
		8C313CCB27720275007C8670 /* Project object */ = {
			isa = PBXProject;
			attributes = {
				BuildIndependentTargetsInParallel = 1;
				LastSwiftUpdateCheck = 1310;
				LastUpgradeCheck = 1310;
				TargetAttributes = {
					8C313CD227720275007C8670 = {
						CreatedOnToolsVersion = 13.1;
					};
					8C313CE227720277007C8670 = {
						CreatedOnToolsVersion = 13.1;
						TestTargetID = 8C313CD227720275007C8670;
					};
					8C313CEC27720277007C8670 = {
						CreatedOnToolsVersion = 13.1;
						TestTargetID = 8C313CD227720275007C8670;
					};
				};
			};
			buildConfigurationList = 8C313CCE27720275007C8670 /* Build configuration list for PBXProject "places" */;
			compatibilityVersion = "Xcode 13.0";
			developmentRegion = en;
			hasScannedForEncodings = 0;
			knownRegions = (
				en,
				Base,
			);
			mainGroup = 8C313CCA27720275007C8670;
			productRefGroup = 8C313CD427720275007C8670 /* Products */;
			projectDirPath = "";
			projectRoot = "";
			targets = (
				8C313CD227720275007C8670 /* places */,
				8C313CE227720277007C8670 /* placesTests */,
				8C313CEC27720277007C8670 /* placesUITests */,
			);
		};
/* End PBXProject section */

/* Begin PBXResourcesBuildPhase section */
		8C313CD127720275007C8670 /* Resources */ = {
			isa = PBXResourcesBuildPhase;
			buildActionMask = 2147483647;
			files = (
				8C313D012772029C007C8670 /* places.json in Resources */,
				8C313CDE27720277007C8670 /* Preview Assets.xcassets in Resources */,
				8C313CDB27720277007C8670 /* Assets.xcassets in Resources */,
			);
			runOnlyForDeploymentPostprocessing = 0;
		};
		8C313CE127720277007C8670 /* Resources */ = {
			isa = PBXResourcesBuildPhase;
			buildActionMask = 2147483647;
			files = (
			);
			runOnlyForDeploymentPostprocessing = 0;
		};
		8C313CEB27720277007C8670 /* Resources */ = {
			isa = PBXResourcesBuildPhase;
			buildActionMask = 2147483647;
			files = (
			);
			runOnlyForDeploymentPostprocessing = 0;
		};
/* End PBXResourcesBuildPhase section */

/* Begin PBXSourcesBuildPhase section */
		8C313CCF27720275007C8670 /* Sources */ = {
			isa = PBXSourcesBuildPhase;
			buildActionMask = 2147483647;
			files = (
				8C313CD927720275007C8670 /* ContentView.swift in Sources */,
				8C313CD727720275007C8670 /* placesApp.swift in Sources */,
				8CAE43F6278CC23E00A182E0 /* PlacesView.swift in Sources */,
				8CAE43F4278CC0B800A182E0 /* PlacePrivider.swift in Sources */,
			);
			runOnlyForDeploymentPostprocessing = 0;
		};
		8C313CDF27720277007C8670 /* Sources */ = {
			isa = PBXSourcesBuildPhase;
			buildActionMask = 2147483647;
			files = (
				8C313CE827720277007C8670 /* placesTests.swift in Sources */,
			);
			runOnlyForDeploymentPostprocessing = 0;
		};
		8C313CE927720277007C8670 /* Sources */ = {
			isa = PBXSourcesBuildPhase;
			buildActionMask = 2147483647;
			files = (
				8C313CF427720277007C8670 /* placesUITestsLaunchTests.swift in Sources */,
				8C313CF227720277007C8670 /* placesUITests.swift in Sources */,
			);
			runOnlyForDeploymentPostprocessing = 0;
		};
/* End PBXSourcesBuildPhase section */

/* Begin PBXTargetDependency section */
		8C313CE527720277007C8670 /* PBXTargetDependency */ = {
			isa = PBXTargetDependency;
			target = 8C313CD227720275007C8670 /* places */;
			targetProxy = 8C313CE427720277007C8670 /* PBXContainerItemProxy */;
		};
		8C313CEF27720277007C8670 /* PBXTargetDependency */ = {
			isa = PBXTargetDependency;
			target = 8C313CD227720275007C8670 /* places */;
			targetProxy = 8C313CEE27720277007C8670 /* PBXContainerItemProxy */;
		};
/* End PBXTargetDependency section */

/* Begin XCBuildConfiguration section */
		8C313CF527720277007C8670 /* Debug */ = {
			isa = XCBuildConfiguration;
			buildSettings = {
				ALWAYS_SEARCH_USER_PATHS = NO;
				CLANG_ANALYZER_NONNULL = YES;
				CLANG_ANALYZER_NUMBER_OBJECT_CONVERSION = YES_AGGRESSIVE;
				CLANG_CXX_LANGUAGE_STANDARD = "gnu++17";
				CLANG_CXX_LIBRARY = "libc++";
				CLANG_ENABLE_MODULES = YES;
				CLANG_ENABLE_OBJC_ARC = YES;
				CLANG_ENABLE_OBJC_WEAK = YES;
				CLANG_WARN_BLOCK_CAPTURE_AUTORELEASING = YES;
				CLANG_WARN_BOOL_CONVERSION = YES;
				CLANG_WARN_COMMA = YES;
				CLANG_WARN_CONSTANT_CONVERSION = YES;
				CLANG_WARN_DEPRECATED_OBJC_IMPLEMENTATIONS = YES;
				CLANG_WARN_DIRECT_OBJC_ISA_USAGE = YES_ERROR;
				CLANG_WARN_DOCUMENTATION_COMMENTS = YES;
				CLANG_WARN_EMPTY_BODY = YES;
				CLANG_WARN_ENUM_CONVERSION = YES;
				CLANG_WARN_INFINITE_RECURSION = YES;
				CLANG_WARN_INT_CONVERSION = YES;
				CLANG_WARN_NON_LITERAL_NULL_CONVERSION = YES;
				CLANG_WARN_OBJC_IMPLICIT_RETAIN_SELF = YES;
				CLANG_WARN_OBJC_LITERAL_CONVERSION = YES;
				CLANG_WARN_OBJC_ROOT_CLASS = YES_ERROR;
				CLANG_WARN_QUOTED_INCLUDE_IN_FRAMEWORK_HEADER = YES;
				CLANG_WARN_RANGE_LOOP_ANALYSIS = YES;
				CLANG_WARN_STRICT_PROTOTYPES = YES;
				CLANG_WARN_SUSPICIOUS_MOVE = YES;
				CLANG_WARN_UNGUARDED_AVAILABILITY = YES_AGGRESSIVE;
				CLANG_WARN_UNREACHABLE_CODE = YES;
				CLANG_WARN__DUPLICATE_METHOD_MATCH = YES;
				COPY_PHASE_STRIP = NO;
				DEBUG_INFORMATION_FORMAT = dwarf;
				ENABLE_STRICT_OBJC_MSGSEND = YES;
				ENABLE_TESTABILITY = YES;
				GCC_C_LANGUAGE_STANDARD = gnu11;
				GCC_DYNAMIC_NO_PIC = NO;
				GCC_NO_COMMON_BLOCKS = YES;
				GCC_OPTIMIZATION_LEVEL = 0;
				GCC_PREPROCESSOR_DEFINITIONS = (
					"DEBUG=1",
					"$(inherited)",
				);
				GCC_WARN_64_TO_32_BIT_CONVERSION = YES;
				GCC_WARN_ABOUT_RETURN_TYPE = YES_ERROR;
				GCC_WARN_UNDECLARED_SELECTOR = YES;
				GCC_WARN_UNINITIALIZED_AUTOS = YES_AGGRESSIVE;
				GCC_WARN_UNUSED_FUNCTION = YES;
				GCC_WARN_UNUSED_VARIABLE = YES;
				IPHONEOS_DEPLOYMENT_TARGET = 15.0;
				MTL_ENABLE_DEBUG_INFO = INCLUDE_SOURCE;
				MTL_FAST_MATH = YES;
				ONLY_ACTIVE_ARCH = YES;
				SDKROOT = iphoneos;
				SWIFT_ACTIVE_COMPILATION_CONDITIONS = DEBUG;
				SWIFT_OPTIMIZATION_LEVEL = "-Onone";
			};
			name = Debug;
		};
		8C313CF627720277007C8670 /* Release */ = {
			isa = XCBuildConfiguration;
			buildSettings = {
				ALWAYS_SEARCH_USER_PATHS = NO;
				CLANG_ANALYZER_NONNULL = YES;
				CLANG_ANALYZER_NUMBER_OBJECT_CONVERSION = YES_AGGRESSIVE;
				CLANG_CXX_LANGUAGE_STANDARD = "gnu++17";
				CLANG_CXX_LIBRARY = "libc++";
				CLANG_ENABLE_MODULES = YES;
				CLANG_ENABLE_OBJC_ARC = YES;
				CLANG_ENABLE_OBJC_WEAK = YES;
				CLANG_WARN_BLOCK_CAPTURE_AUTORELEASING = YES;
				CLANG_WARN_BOOL_CONVERSION = YES;
				CLANG_WARN_COMMA = YES;
				CLANG_WARN_CONSTANT_CONVERSION = YES;
				CLANG_WARN_DEPRECATED_OBJC_IMPLEMENTATIONS = YES;
				CLANG_WARN_DIRECT_OBJC_ISA_USAGE = YES_ERROR;
				CLANG_WARN_DOCUMENTATION_COMMENTS = YES;
				CLANG_WARN_EMPTY_BODY = YES;
				CLANG_WARN_ENUM_CONVERSION = YES;
				CLANG_WARN_INFINITE_RECURSION = YES;
				CLANG_WARN_INT_CONVERSION = YES;
				CLANG_WARN_NON_LITERAL_NULL_CONVERSION = YES;
				CLANG_WARN_OBJC_IMPLICIT_RETAIN_SELF = YES;
				CLANG_WARN_OBJC_LITERAL_CONVERSION = YES;
				CLANG_WARN_OBJC_ROOT_CLASS = YES_ERROR;
				CLANG_WARN_QUOTED_INCLUDE_IN_FRAMEWORK_HEADER = YES;
				CLANG_WARN_RANGE_LOOP_ANALYSIS = YES;
				CLANG_WARN_STRICT_PROTOTYPES = YES;
				CLANG_WARN_SUSPICIOUS_MOVE = YES;
				CLANG_WARN_UNGUARDED_AVAILABILITY = YES_AGGRESSIVE;
				CLANG_WARN_UNREACHABLE_CODE = YES;
				CLANG_WARN__DUPLICATE_METHOD_MATCH = YES;
				COPY_PHASE_STRIP = NO;
				DEBUG_INFORMATION_FORMAT = "dwarf-with-dsym";
				ENABLE_NS_ASSERTIONS = NO;
				ENABLE_STRICT_OBJC_MSGSEND = YES;
				GCC_C_LANGUAGE_STANDARD = gnu11;
				GCC_NO_COMMON_BLOCKS = YES;
				GCC_WARN_64_TO_32_BIT_CONVERSION = YES;
				GCC_WARN_ABOUT_RETURN_TYPE = YES_ERROR;
				GCC_WARN_UNDECLARED_SELECTOR = YES;
				GCC_WARN_UNINITIALIZED_AUTOS = YES_AGGRESSIVE;
				GCC_WARN_UNUSED_FUNCTION = YES;
				GCC_WARN_UNUSED_VARIABLE = YES;
				IPHONEOS_DEPLOYMENT_TARGET = 15.0;
				MTL_ENABLE_DEBUG_INFO = NO;
				MTL_FAST_MATH = YES;
				SDKROOT = iphoneos;
				SWIFT_COMPILATION_MODE = wholemodule;
				SWIFT_OPTIMIZATION_LEVEL = "-O";
				VALIDATE_PRODUCT = YES;
			};
			name = Release;
		};
		8C313CF827720277007C8670 /* Debug */ = {
			isa = XCBuildConfiguration;
			buildSettings = {
				ASSETCATALOG_COMPILER_APPICON_NAME = AppIcon;
				ASSETCATALOG_COMPILER_GLOBAL_ACCENT_COLOR_NAME = AccentColor;
				CODE_SIGN_STYLE = Automatic;
				CURRENT_PROJECT_VERSION = 1;
				DEVELOPMENT_ASSET_PATHS = "\"places/Preview Content\"";
				DEVELOPMENT_TEAM = 45H854JAM8;
				ENABLE_PREVIEWS = YES;
				GENERATE_INFOPLIST_FILE = YES;
				INFOPLIST_KEY_UIApplicationSceneManifest_Generation = YES;
				INFOPLIST_KEY_UIApplicationSupportsIndirectInputEvents = YES;
				INFOPLIST_KEY_UILaunchScreen_Generation = YES;
				INFOPLIST_KEY_UISupportedInterfaceOrientations = "UIInterfaceOrientationPortraitUpsideDown UIInterfaceOrientationPortrait";
				INFOPLIST_KEY_UISupportedInterfaceOrientations_iPad = "UIInterfaceOrientationPortrait UIInterfaceOrientationPortraitUpsideDown UIInterfaceOrientationLandscapeLeft UIInterfaceOrientationLandscapeRight";
				INFOPLIST_KEY_UISupportedInterfaceOrientations_iPhone = "UIInterfaceOrientationPortrait UIInterfaceOrientationLandscapeLeft UIInterfaceOrientationLandscapeRight";
				LD_RUNPATH_SEARCH_PATHS = (
					"$(inherited)",
					"@executable_path/Frameworks",
				);
				MARKETING_VERSION = 1.0;
				PRODUCT_BUNDLE_IDENTIFIER = com.mercwaretecnology.places;
				PRODUCT_NAME = "$(TARGET_NAME)";
				SWIFT_EMIT_LOC_STRINGS = YES;
				SWIFT_VERSION = 5.0;
				TARGETED_DEVICE_FAMILY = "1,2";
			};
			name = Debug;
		};
		8C313CF927720277007C8670 /* Release */ = {
			isa = XCBuildConfiguration;
			buildSettings = {
				ASSETCATALOG_COMPILER_APPICON_NAME = AppIcon;
				ASSETCATALOG_COMPILER_GLOBAL_ACCENT_COLOR_NAME = AccentColor;
				CODE_SIGN_STYLE = Automatic;
				CURRENT_PROJECT_VERSION = 1;
				DEVELOPMENT_ASSET_PATHS = "\"places/Preview Content\"";
				DEVELOPMENT_TEAM = 45H854JAM8;
				ENABLE_PREVIEWS = YES;
				GENERATE_INFOPLIST_FILE = YES;
				INFOPLIST_KEY_UIApplicationSceneManifest_Generation = YES;
				INFOPLIST_KEY_UIApplicationSupportsIndirectInputEvents = YES;
				INFOPLIST_KEY_UILaunchScreen_Generation = YES;
				INFOPLIST_KEY_UISupportedInterfaceOrientations = "UIInterfaceOrientationPortraitUpsideDown UIInterfaceOrientationPortrait";
				INFOPLIST_KEY_UISupportedInterfaceOrientations_iPad = "UIInterfaceOrientationPortrait UIInterfaceOrientationPortraitUpsideDown UIInterfaceOrientationLandscapeLeft UIInterfaceOrientationLandscapeRight";
				INFOPLIST_KEY_UISupportedInterfaceOrientations_iPhone = "UIInterfaceOrientationPortrait UIInterfaceOrientationLandscapeLeft UIInterfaceOrientationLandscapeRight";
				LD_RUNPATH_SEARCH_PATHS = (
					"$(inherited)",
					"@executable_path/Frameworks",
				);
				MARKETING_VERSION = 1.0;
				PRODUCT_BUNDLE_IDENTIFIER = com.mercwaretecnology.places;
				PRODUCT_NAME = "$(TARGET_NAME)";
				SWIFT_EMIT_LOC_STRINGS = YES;
				SWIFT_VERSION = 5.0;
				TARGETED_DEVICE_FAMILY = "1,2";
			};
			name = Release;
		};
		8C313CFB27720277007C8670 /* Debug */ = {
			isa = XCBuildConfiguration;
			buildSettings = {
				ALWAYS_EMBED_SWIFT_STANDARD_LIBRARIES = YES;
				BUNDLE_LOADER = "$(TEST_HOST)";
				CODE_SIGN_STYLE = Automatic;
				CURRENT_PROJECT_VERSION = 1;
				DEVELOPMENT_TEAM = 45H854JAM8;
				GENERATE_INFOPLIST_FILE = YES;
				IPHONEOS_DEPLOYMENT_TARGET = 15.0;
				LD_RUNPATH_SEARCH_PATHS = (
					"$(inherited)",
					"@executable_path/Frameworks",
					"@loader_path/Frameworks",
				);
				MARKETING_VERSION = 1.0;
				PRODUCT_BUNDLE_IDENTIFIER = com.mercwaretecnology.placesTests;
				PRODUCT_NAME = "$(TARGET_NAME)";
				SWIFT_EMIT_LOC_STRINGS = NO;
				SWIFT_VERSION = 5.0;
				TARGETED_DEVICE_FAMILY = "1,2";
				TEST_HOST = "$(BUILT_PRODUCTS_DIR)/places.app/places";
			};
			name = Debug;
		};
		8C313CFC27720277007C8670 /* Release */ = {
			isa = XCBuildConfiguration;
			buildSettings = {
				ALWAYS_EMBED_SWIFT_STANDARD_LIBRARIES = YES;
				BUNDLE_LOADER = "$(TEST_HOST)";
				CODE_SIGN_STYLE = Automatic;
				CURRENT_PROJECT_VERSION = 1;
				DEVELOPMENT_TEAM = 45H854JAM8;
				GENERATE_INFOPLIST_FILE = YES;
				IPHONEOS_DEPLOYMENT_TARGET = 15.0;
				LD_RUNPATH_SEARCH_PATHS = (
					"$(inherited)",
					"@executable_path/Frameworks",
					"@loader_path/Frameworks",
				);
				MARKETING_VERSION = 1.0;
				PRODUCT_BUNDLE_IDENTIFIER = com.mercwaretecnology.placesTests;
				PRODUCT_NAME = "$(TARGET_NAME)";
				SWIFT_EMIT_LOC_STRINGS = NO;
				SWIFT_VERSION = 5.0;
				TARGETED_DEVICE_FAMILY = "1,2";
				TEST_HOST = "$(BUILT_PRODUCTS_DIR)/places.app/places";
			};
			name = Release;
		};
		8C313CFE27720277007C8670 /* Debug */ = {
			isa = XCBuildConfiguration;
			buildSettings = {
				ALWAYS_EMBED_SWIFT_STANDARD_LIBRARIES = YES;
				CODE_SIGN_STYLE = Automatic;
				CURRENT_PROJECT_VERSION = 1;
				DEVELOPMENT_TEAM = 45H854JAM8;
				GENERATE_INFOPLIST_FILE = YES;
				LD_RUNPATH_SEARCH_PATHS = (
					"$(inherited)",
					"@executable_path/Frameworks",
					"@loader_path/Frameworks",
				);
				MARKETING_VERSION = 1.0;
				PRODUCT_BUNDLE_IDENTIFIER = com.mercwaretecnology.placesUITests;
				PRODUCT_NAME = "$(TARGET_NAME)";
				SWIFT_EMIT_LOC_STRINGS = NO;
				SWIFT_VERSION = 5.0;
				TARGETED_DEVICE_FAMILY = "1,2";
				TEST_TARGET_NAME = places;
			};
			name = Debug;
		};
		8C313CFF27720277007C8670 /* Release */ = {
			isa = XCBuildConfiguration;
			buildSettings = {
				ALWAYS_EMBED_SWIFT_STANDARD_LIBRARIES = YES;
				CODE_SIGN_STYLE = Automatic;
				CURRENT_PROJECT_VERSION = 1;
				DEVELOPMENT_TEAM = 45H854JAM8;
				GENERATE_INFOPLIST_FILE = YES;
				LD_RUNPATH_SEARCH_PATHS = (
					"$(inherited)",
					"@executable_path/Frameworks",
					"@loader_path/Frameworks",
				);
				MARKETING_VERSION = 1.0;
				PRODUCT_BUNDLE_IDENTIFIER = com.mercwaretecnology.placesUITests;
				PRODUCT_NAME = "$(TARGET_NAME)";
				SWIFT_EMIT_LOC_STRINGS = NO;
				SWIFT_VERSION = 5.0;
				TARGETED_DEVICE_FAMILY = "1,2";
				TEST_TARGET_NAME = places;
			};
			name = Release;
		};
/* End XCBuildConfiguration section */

/* Begin XCConfigurationList section */
		8C313CCE27720275007C8670 /* Build configuration list for PBXProject "places" */ = {
			isa = XCConfigurationList;
			buildConfigurations = (
				8C313CF527720277007C8670 /* Debug */,
				8C313CF627720277007C8670 /* Release */,
			);
			defaultConfigurationIsVisible = 0;
			defaultConfigurationName = Release;
		};
		8C313CF727720277007C8670 /* Build configuration list for PBXNativeTarget "places" */ = {
			isa = XCConfigurationList;
			buildConfigurations = (
				8C313CF827720277007C8670 /* Debug */,
				8C313CF927720277007C8670 /* Release */,
			);
			defaultConfigurationIsVisible = 0;
			defaultConfigurationName = Release;
		};
		8C313CFA27720277007C8670 /* Build configuration list for PBXNativeTarget "placesTests" */ = {
			isa = XCConfigurationList;
			buildConfigurations = (
				8C313CFB27720277007C8670 /* Debug */,
				8C313CFC27720277007C8670 /* Release */,
			);
			defaultConfigurationIsVisible = 0;
			defaultConfigurationName = Release;
		};
		8C313CFD27720277007C8670 /* Build configuration list for PBXNativeTarget "placesUITests" */ = {
			isa = XCConfigurationList;
			buildConfigurations = (
				8C313CFE27720277007C8670 /* Debug */,
				8C313CFF27720277007C8670 /* Release */,
			);
			defaultConfigurationIsVisible = 0;
			defaultConfigurationName = Release;
		};
/* End XCConfigurationList section */
	};
	rootObject = 8C313CCB27720275007C8670 /* Project object */;
}
